
Microsoft Visual Studio Solution File, Format Version 12.00
# Visual Studio 15
VisualStudioVersion = 15.0.27130.2010
MinimumVisualStudioVersion = 10.0.40219.1
Project("{FAE04EC0-301F-11D3-BF4B-00C04F79EFBC}") = "Streamdesk-neo", "Streamdesk-neo\Streamdesk-neo.csproj", "{6A652A57-4B19-44A8-9E60-95EBA818A503}"
EndProject
Global
	GlobalSection(SolutionConfigurationPlatforms) = preSolution
		Debug|Any CPU = Debug|Any CPU
		Release|Any CPU = Release|Any CPU
	EndGlobalSection
	GlobalSection(ProjectConfigurationPlatforms) = postSolution
		{6A652A57-4B19-44A8-9E60-95EBA818A503}.Debug|Any CPU.ActiveCfg = Debug|Any CPU
		{6A652A57-4B19-44A8-9E60-95EBA818A503}.Debug|Any CPU.Build.0 = Debug|Any CPU
		{6A652A57-4B19-44A8-9E60-95EBA818A503}.Release|Any CPU.ActiveCfg = Release|Any CPU
		{6A652A57-4B19-44A8-9E60-95EBA818A503}.Release|Any CPU.Build.0 = Release|Any CPU
	EndGlobalSection
	GlobalSection(SolutionProperties) = preSolution
		HideSolutionNode = FALSE
	EndGlobalSection
	GlobalSection(ExtensibilityGlobals) = postSolution
		SolutionGuid = {D444B34A-C769-4CC9-B6F2-67C16A8CFBC4}
	EndGlobalSection
EndGlobal
